Microsoft Visual Studio Solution File, Format Version 12.00
# Visual Studio 15
VisualStudioVersion = 15.0.26228.9
MinimumVisualStudioVersion = 10.0.40219.1
Project("{2150E333-8FDC-42A3-9474-1A3956D46DE8}") = "src", "src", "{0C4A1F2A-F174-496E-B9A4-8A90B763D150}"
EndProject
Project("{2150E333-8FDC-42A3-9474-1A3956D46DE8}") = "Solution Items", "Solution Items", "{49DFC595-40CB-4C12-954A-49F09BA75243}"
	ProjectSection(SolutionItems) = preProject
		NuGet.Config = NuGet.Config
	EndProjectSection
EndProject
Project("{2150E333-8FDC-42A3-9474-1A3956D46DE8}") = "tests", "tests", "{F94AA586-E24E-4316-9564-D22DC0643C64}"
EndProject
Project("{9A19103F-16F7-4668-BE54-9A1E7A4F7556}") = "YoApp.Tests", "tests\YoApp.Tests\YoApp.Tests.csproj", "{3C9989D1-6ED9-4B26-859A-2ED29B794DBB}"
EndProject
Project("{2150E333-8FDC-42A3-9474-1A3956D46DE8}") = "Services", "Services", "{DF4B5604-1F12-4F4A-AA9C-28F81DE5B069}"
EndProject
Project("{9A19103F-16F7-4668-BE54-9A1E7A4F7556}") = "YoApp.Chat", "src\Services\YoApp.Chat\YoApp.Chat.csproj", "{BBDE25B8-86D3-45EE-98D5-DA4822EE189C}"
EndProject
Project("{9A19103F-16F7-4668-BE54-9A1E7A4F7556}") = "YoApp.Utils", "src\YoApp.Utils\YoApp.Utils.csproj", "{1D49310B-0AC2-4D71-9484-4A9D92F22849}"
EndProject
Project("{9A19103F-16F7-4668-BE54-9A1E7A4F7556}") = "YoApp.Identity", "src\Services\YoApp.Identity\YoApp.Identity.csproj", "{E85A12D1-DEF7-4284-A620-C590DDD09757}"
EndProject
Project("{9A19103F-16F7-4668-BE54-9A1E7A4F7556}") = "YoApp.Friends", "src\Services\YoApp.Friends\YoApp.Friends.csproj", "{CDEC1369-E23A-458A-A6BD-D859A2925C4D}"
EndProject
Project("{2150E333-8FDC-42A3-9474-1A3956D46DE8}") = "Infrastructure", "Infrastructure", "{4DBD1113-C68B-4AA4-99D1-69C0DBD14CE0}"
EndProject
Project("{9A19103F-16F7-4668-BE54-9A1E7A4F7556}") = "YoApp.Data", "src\Infrastructure\YoApp.Data\YoApp.Data.csproj", "{8A7B12E5-2449-4E23-A65A-305FA1EBB2C8}"
EndProject
Project("{9A19103F-16F7-4668-BE54-9A1E7A4F7556}") = "YoApp.DataObjects", "src\Infrastructure\YoApp.DataObjects\YoApp.DataObjects.csproj", "{2A2DB839-3C33-4681-A071-DD562044EA87}"
EndProject
Project("{2150E333-8FDC-42A3-9474-1A3956D46DE8}") = "Clients", "Clients", "{CC5491D2-E77C-4504-BC17-337DDD5867FA}"
EndProject
Project("{FAE04EC0-301F-11D3-BF4B-00C04F79EFBC}") = "YoApp.Clients", "src\Clients\YoApp.Clients\YoApp.Clients\YoApp.Clients.csproj", "{A43A2BA5-7C6E-4DED-AABE-E9D7A5A86E42}"
EndProject
Project("{FAE04EC0-301F-11D3-BF4B-00C04F79EFBC}") = "YoApp.Clients.Droid", "src\Clients\YoApp.Clients\YoApp.Clients.Droid\YoApp.Clients.Droid.csproj", "{CDBFCFA5-8EEE-49B1-AE43-56435238C42E}"
EndProject
Project("{FAE04EC0-301F-11D3-BF4B-00C04F79EFBC}") = "YoApp.Clients.iOS", "src\Clients\YoApp.Clients\YoApp.Clients.iOS\YoApp.Clients.iOS.csproj", "{3BCF2B5D-3366-41C9-A1BE-FD256B5E2949}"
EndProject
Global
	GlobalSection(SolutionConfigurationPlatforms) = preSolution
		Ad-Hoc|Any CPU = Ad-Hoc|Any CPU
		Ad-Hoc|iPhone = Ad-Hoc|iPhone
		Ad-Hoc|iPhoneSimulator = Ad-Hoc|iPhoneSimulator
		Ad-Hoc|x64 = Ad-Hoc|x64
		Ad-Hoc|x86 = Ad-Hoc|x86
		AppStore|Any CPU = AppStore|Any CPU
		AppStore|iPhone = AppStore|iPhone
		AppStore|iPhoneSimulator = AppStore|iPhoneSimulator
		AppStore|x64 = AppStore|x64
		AppStore|x86 = AppStore|x86
		Debug|Any CPU = Debug|Any CPU
		Debug|iPhone = Debug|iPhone
		Debug|iPhoneSimulator = Debug|iPhoneSimulator
		Debug|x64 = Debug|x64
		Debug|x86 = Debug|x86
		Release|Any CPU = Release|Any CPU
		Release|iPhone = Release|iPhone
		Release|iPhoneSimulator = Release|iPhoneSimulator
		Release|x64 = Release|x64
		Release|x86 = Release|x86
	EndGlobalSection
	GlobalSection(ProjectConfigurationPlatforms) = postSolution
		{3C9989D1-6ED9-4B26-859A-2ED29B794DBB}.Ad-Hoc|Any CPU.ActiveCfg = Release|Any CPU
		{3C9989D1-6ED9-4B26-859A-2ED29B794DBB}.Ad-Hoc|iPhone.ActiveCfg = Release|Any CPU
		{3C9989D1-6ED9-4B26-859A-2ED29B794DBB}.Ad-Hoc|iPhoneSimulator.ActiveCfg = Release|Any CPU
		{3C9989D1-6ED9-4B26-859A-2ED29B794DBB}.Ad-Hoc|x64.ActiveCfg = Release|Any CPU
		{3C9989D1-6ED9-4B26-859A-2ED29B794DBB}.Ad-Hoc|x86.ActiveCfg = Release|Any CPU
		{3C9989D1-6ED9-4B26-859A-2ED29B794DBB}.AppStore|Any CPU.ActiveCfg = Release|Any CPU
		{3C9989D1-6ED9-4B26-859A-2ED29B794DBB}.AppStore|iPhone.ActiveCfg = Release|Any CPU
		{3C9989D1-6ED9-4B26-859A-2ED29B794DBB}.AppStore|iPhoneSimulator.ActiveCfg = Release|Any CPU
		{3C9989D1-6ED9-4B26-859A-2ED29B794DBB}.AppStore|x64.ActiveCfg = Release|Any CPU
		{3C9989D1-6ED9-4B26-859A-2ED29B794DBB}.AppStore|x86.ActiveCfg = Release|Any CPU
		{3C9989D1-6ED9-4B26-859A-2ED29B794DBB}.Debug|Any CPU.ActiveCfg = Debug|Any CPU
		{3C9989D1-6ED9-4B26-859A-2ED29B794DBB}.Debug|Any CPU.Build.0 = Debug|Any CPU
		{3C9989D1-6ED9-4B26-859A-2ED29B794DBB}.Debug|iPhone.ActiveCfg = Debug|Any CPU
		{3C9989D1-6ED9-4B26-859A-2ED29B794DBB}.Debug|iPhoneSimulator.ActiveCfg = Debug|Any CPU
		{3C9989D1-6ED9-4B26-859A-2ED29B794DBB}.Debug|x64.ActiveCfg = Debug|Any CPU
		{3C9989D1-6ED9-4B26-859A-2ED29B794DBB}.Debug|x64.Build.0 = Debug|Any CPU
		{3C9989D1-6ED9-4B26-859A-2ED29B794DBB}.Debug|x86.ActiveCfg = Debug|Any CPU
		{3C9989D1-6ED9-4B26-859A-2ED29B794DBB}.Debug|x86.Build.0 = Debug|Any CPU
		{3C9989D1-6ED9-4B26-859A-2ED29B794DBB}.Release|Any CPU.ActiveCfg = Release|Any CPU
		{3C9989D1-6ED9-4B26-859A-2ED29B794DBB}.Release|Any CPU.Build.0 = Release|Any CPU
		{3C9989D1-6ED9-4B26-859A-2ED29B794DBB}.Release|iPhone.ActiveCfg = Release|Any CPU
		{3C9989D1-6ED9-4B26-859A-2ED29B794DBB}.Release|iPhoneSimulator.ActiveCfg = Release|Any CPU
		{3C9989D1-6ED9-4B26-859A-2ED29B794DBB}.Release|x64.ActiveCfg = Release|Any CPU
		{3C9989D1-6ED9-4B26-859A-2ED29B794DBB}.Release|x64.Build.0 = Release|Any CPU
		{3C9989D1-6ED9-4B26-859A-2ED29B794DBB}.Release|x86.ActiveCfg = Release|Any CPU
		{3C9989D1-6ED9-4B26-859A-2ED29B794DBB}.Release|x86.Build.0 = Release|Any CPU
		{BBDE25B8-86D3-45EE-98D5-DA4822EE189C}.Ad-Hoc|Any CPU.ActiveCfg = Release|Any CPU
		{BBDE25B8-86D3-45EE-98D5-DA4822EE189C}.Ad-Hoc|Any CPU.Build.0 = Release|Any CPU
		{BBDE25B8-86D3-45EE-98D5-DA4822EE189C}.Ad-Hoc|iPhone.ActiveCfg = Release|Any CPU
		{BBDE25B8-86D3-45EE-98D5-DA4822EE189C}.Ad-Hoc|iPhone.Build.0 = Release|Any CPU
		{BBDE25B8-86D3-45EE-98D5-DA4822EE189C}.Ad-Hoc|iPhoneSimulator.ActiveCfg = Release|Any CPU
		{BBDE25B8-86D3-45EE-98D5-DA4822EE189C}.Ad-Hoc|iPhoneSimulator.Build.0 = Release|Any CPU
		{BBDE25B8-86D3-45EE-98D5-DA4822EE189C}.Ad-Hoc|x64.ActiveCfg = Release|Any CPU
		{BBDE25B8-86D3-45EE-98D5-DA4822EE189C}.Ad-Hoc|x64.Build.0 = Release|Any CPU
		{BBDE25B8-86D3-45EE-98D5-DA4822EE189C}.Ad-Hoc|x86.ActiveCfg = Release|Any CPU
		{BBDE25B8-86D3-45EE-98D5-DA4822EE189C}.Ad-Hoc|x86.Build.0 = Release|Any CPU
		{BBDE25B8-86D3-45EE-98D5-DA4822EE189C}.AppStore|Any CPU.ActiveCfg = Release|Any CPU
		{BBDE25B8-86D3-45EE-98D5-DA4822EE189C}.AppStore|Any CPU.Build.0 = Release|Any CPU
		{BBDE25B8-86D3-45EE-98D5-DA4822EE189C}.AppStore|iPhone.ActiveCfg = Release|Any CPU
		{BBDE25B8-86D3-45EE-98D5-DA4822EE189C}.AppStore|iPhone.Build.0 = Release|Any CPU
		{BBDE25B8-86D3-45EE-98D5-DA4822EE189C}.AppStore|iPhoneSimulator.ActiveCfg = Release|Any CPU
		{BBDE25B8-86D3-45EE-98D5-DA4822EE189C}.AppStore|iPhoneSimulator.Build.0 = Release|Any CPU
		{BBDE25B8-86D3-45EE-98D5-DA4822EE189C}.AppStore|x64.ActiveCfg = Release|Any CPU
		{BBDE25B8-86D3-45EE-98D5-DA4822EE189C}.AppStore|x64.Build.0 = Release|Any CPU
		{BBDE25B8-86D3-45EE-98D5-DA4822EE189C}.AppStore|x86.ActiveCfg = Release|Any CPU
		{BBDE25B8-86D3-45EE-98D5-DA4822EE189C}.AppStore|x86.Build.0 = Release|Any CPU
		{BBDE25B8-86D3-45EE-98D5-DA4822EE189C}.Debug|Any CPU.ActiveCfg = Debug|Any CPU
		{BBDE25B8-86D3-45EE-98D5-DA4822EE189C}.Debug|Any CPU.Build.0 = Debug|Any CPU
		{BBDE25B8-86D3-45EE-98D5-DA4822EE189C}.Debug|iPhone.ActiveCfg = Debug|Any CPU
		{BBDE25B8-86D3-45EE-98D5-DA4822EE189C}.Debug|iPhone.Build.0 = Debug|Any CPU
		{BBDE25B8-86D3-45EE-98D5-DA4822EE189C}.Debug|iPhoneSimulator.ActiveCfg = Debug|Any CPU
		{BBDE25B8-86D3-45EE-98D5-DA4822EE189C}.Debug|iPhoneSimulator.Build.0 = Debug|Any CPU
		{BBDE25B8-86D3-45EE-98D5-DA4822EE189C}.Debug|x64.ActiveCfg = Debug|Any CPU
		{BBDE25B8-86D3-45EE-98D5-DA4822EE189C}.Debug|x64.Build.0 = Debug|Any CPU
		{BBDE25B8-86D3-45EE-98D5-DA4822EE189C}.Debug|x86.ActiveCfg = Debug|Any CPU
		{BBDE25B8-86D3-45EE-98D5-DA4822EE189C}.Debug|x86.Build.0 = Debug|Any CPU
		{BBDE25B8-86D3-45EE-98D5-DA4822EE189C}.Release|Any CPU.ActiveCfg = Release|Any CPU
		{BBDE25B8-86D3-45EE-98D5-DA4822EE189C}.Release|Any CPU.Build.0 = Release|Any CPU
		{BBDE25B8-86D3-45EE-98D5-DA4822EE189C}.Release|iPhone.ActiveCfg = Release|Any CPU
		{BBDE25B8-86D3-45EE-98D5-DA4822EE189C}.Release|iPhone.Build.0 = Release|Any CPU
		{BBDE25B8-86D3-45EE-98D5-DA4822EE189C}.Release|iPhoneSimulator.ActiveCfg = Release|Any CPU
		{BBDE25B8-86D3-45EE-98D5-DA4822EE189C}.Release|iPhoneSimulator.Build.0 = Release|Any CPU
		{BBDE25B8-86D3-45EE-98D5-DA4822EE189C}.Release|x64.ActiveCfg = Release|Any CPU
		{BBDE25B8-86D3-45EE-98D5-DA4822EE189C}.Release|x64.Build.0 = Release|Any CPU
		{BBDE25B8-86D3-45EE-98D5-DA4822EE189C}.Release|x86.ActiveCfg = Release|Any CPU
		{BBDE25B8-86D3-45EE-98D5-DA4822EE189C}.Release|x86.Build.0 = Release|Any CPU
		{1D49310B-0AC2-4D71-9484-4A9D92F22849}.Ad-Hoc|Any CPU.ActiveCfg = Release|Any CPU
		{1D49310B-0AC2-4D71-9484-4A9D92F22849}.Ad-Hoc|Any CPU.Build.0 = Release|Any CPU
		{1D49310B-0AC2-4D71-9484-4A9D92F22849}.Ad-Hoc|iPhone.ActiveCfg = Release|Any CPU
		{1D49310B-0AC2-4D71-9484-4A9D92F22849}.Ad-Hoc|iPhone.Build.0 = Release|Any CPU
		{1D49310B-0AC2-4D71-9484-4A9D92F22849}.Ad-Hoc|iPhoneSimulator.ActiveCfg = Release|Any CPU
		{1D49310B-0AC2-4D71-9484-4A9D92F22849}.Ad-Hoc|iPhoneSimulator.Build.0 = Release|Any CPU
		{1D49310B-0AC2-4D71-9484-4A9D92F22849}.Ad-Hoc|x64.ActiveCfg = Release|Any CPU
		{1D49310B-0AC2-4D71-9484-4A9D92F22849}.Ad-Hoc|x64.Build.0 = Release|Any CPU
		{1D49310B-0AC2-4D71-9484-4A9D92F22849}.Ad-Hoc|x86.ActiveCfg = Release|Any CPU
		{1D49310B-0AC2-4D71-9484-4A9D92F22849}.Ad-Hoc|x86.Build.0 = Release|Any CPU
		{1D49310B-0AC2-4D71-9484-4A9D92F22849}.AppStore|Any CPU.ActiveCfg = Release|Any CPU
		{1D49310B-0AC2-4D71-9484-4A9D92F22849}.AppStore|Any CPU.Build.0 = Release|Any CPU
		{1D49310B-0AC2-4D71-9484-4A9D92F22849}.AppStore|iPhone.ActiveCfg = Release|Any CPU
		{1D49310B-0AC2-4D71-9484-4A9D92F22849}.AppStore|iPhone.Build.0 = Release|Any CPU
		{1D49310B-0AC2-4D71-9484-4A9D92F22849}.AppStore|iPhoneSimulator.ActiveCfg = Release|Any CPU
		{1D49310B-0AC2-4D71-9484-4A9D92F22849}.AppStore|iPhoneSimulator.Build.0 = Release|Any CPU
		{1D49310B-0AC2-4D71-9484-4A9D92F22849}.AppStore|x64.ActiveCfg = Release|Any CPU
		{1D49310B-0AC2-4D71-9484-4A9D92F22849}.AppStore|x64.Build.0 = Release|Any CPU
		{1D49310B-0AC2-4D71-9484-4A9D92F22849}.AppStore|x86.ActiveCfg = Release|Any CPU
		{1D49310B-0AC2-4D71-9484-4A9D92F22849}.AppStore|x86.Build.0 = Release|Any CPU
		{1D49310B-0AC2-4D71-9484-4A9D92F22849}.Debug|Any CPU.ActiveCfg = Debug|Any CPU
		{1D49310B-0AC2-4D71-9484-4A9D92F22849}.Debug|Any CPU.Build.0 = Debug|Any CPU
		{1D49310B-0AC2-4D71-9484-4A9D92F22849}.Debug|iPhone.ActiveCfg = Debug|Any CPU
		{1D49310B-0AC2-4D71-9484-4A9D92F22849}.Debug|iPhone.Build.0 = Debug|Any CPU
		{1D49310B-0AC2-4D71-9484-4A9D92F22849}.Debug|iPhoneSimulator.ActiveCfg = Debug|Any CPU
		{1D49310B-0AC2-4D71-9484-4A9D92F22849}.Debug|iPhoneSimulator.Build.0 = Debug|Any CPU
		{1D49310B-0AC2-4D71-9484-4A9D92F22849}.Debug|x64.ActiveCfg = Debug|Any CPU
		{1D49310B-0AC2-4D71-9484-4A9D92F22849}.Debug|x64.Build.0 = Debug|Any CPU
		{1D49310B-0AC2-4D71-9484-4A9D92F22849}.Debug|x86.ActiveCfg = Debug|Any CPU
		{1D49310B-0AC2-4D71-9484-4A9D92F22849}.Debug|x86.Build.0 = Debug|Any CPU
		{1D49310B-0AC2-4D71-9484-4A9D92F22849}.Release|Any CPU.ActiveCfg = Release|Any CPU
		{1D49310B-0AC2-4D71-9484-4A9D92F22849}.Release|Any CPU.Build.0 = Release|Any CPU
		{1D49310B-0AC2-4D71-9484-4A9D92F22849}.Release|iPhone.ActiveCfg = Release|Any CPU
		{1D49310B-0AC2-4D71-9484-4A9D92F22849}.Release|iPhone.Build.0 = Release|Any CPU
		{1D49310B-0AC2-4D71-9484-4A9D92F22849}.Release|iPhoneSimulator.ActiveCfg = Release|Any CPU
		{1D49310B-0AC2-4D71-9484-4A9D92F22849}.Release|iPhoneSimulator.Build.0 = Release|Any CPU
		{1D49310B-0AC2-4D71-9484-4A9D92F22849}.Release|x64.ActiveCfg = Release|Any CPU
		{1D49310B-0AC2-4D71-9484-4A9D92F22849}.Release|x64.Build.0 = Release|Any CPU
		{1D49310B-0AC2-4D71-9484-4A9D92F22849}.Release|x86.ActiveCfg = Release|Any CPU
		{1D49310B-0AC2-4D71-9484-4A9D92F22849}.Release|x86.Build.0 = Release|Any CPU
		{E85A12D1-DEF7-4284-A620-C590DDD09757}.Ad-Hoc|Any CPU.ActiveCfg = Release|Any CPU
		{E85A12D1-DEF7-4284-A620-C590DDD09757}.Ad-Hoc|Any CPU.Build.0 = Release|Any CPU
		{E85A12D1-DEF7-4284-A620-C590DDD09757}.Ad-Hoc|iPhone.ActiveCfg = Release|Any CPU
		{E85A12D1-DEF7-4284-A620-C590DDD09757}.Ad-Hoc|iPhone.Build.0 = Release|Any CPU
		{E85A12D1-DEF7-4284-A620-C590DDD09757}.Ad-Hoc|iPhoneSimulator.ActiveCfg = Release|Any CPU
		{E85A12D1-DEF7-4284-A620-C590DDD09757}.Ad-Hoc|iPhoneSimulator.Build.0 = Release|Any CPU
		{E85A12D1-DEF7-4284-A620-C590DDD09757}.Ad-Hoc|x64.ActiveCfg = Release|Any CPU
		{E85A12D1-DEF7-4284-A620-C590DDD09757}.Ad-Hoc|x64.Build.0 = Release|Any CPU
		{E85A12D1-DEF7-4284-A620-C590DDD09757}.Ad-Hoc|x86.ActiveCfg = Release|Any CPU
		{E85A12D1-DEF7-4284-A620-C590DDD09757}.Ad-Hoc|x86.Build.0 = Release|Any CPU
		{E85A12D1-DEF7-4284-A620-C590DDD09757}.AppStore|Any CPU.ActiveCfg = Release|Any CPU
		{E85A12D1-DEF7-4284-A620-C590DDD09757}.AppStore|Any CPU.Build.0 = Release|Any CPU
		{E85A12D1-DEF7-4284-A620-C590DDD09757}.AppStore|iPhone.ActiveCfg = Release|Any CPU
		{E85A12D1-DEF7-4284-A620-C590DDD09757}.AppStore|iPhone.Build.0 = Release|Any CPU
		{E85A12D1-DEF7-4284-A620-C590DDD09757}.AppStore|iPhoneSimulator.ActiveCfg = Release|Any CPU
		{E85A12D1-DEF7-4284-A620-C590DDD09757}.AppStore|iPhoneSimulator.Build.0 = Release|Any CPU
		{E85A12D1-DEF7-4284-A620-C590DDD09757}.AppStore|x64.ActiveCfg = Release|Any CPU
		{E85A12D1-DEF7-4284-A620-C590DDD09757}.AppStore|x64.Build.0 = Release|Any CPU
		{E85A12D1-DEF7-4284-A620-C590DDD09757}.AppStore|x86.ActiveCfg = Release|Any CPU
		{E85A12D1-DEF7-4284-A620-C590DDD09757}.AppStore|x86.Build.0 = Release|Any CPU
		{E85A12D1-DEF7-4284-A620-C590DDD09757}.Debug|Any CPU.ActiveCfg = Debug|Any CPU
		{E85A12D1-DEF7-4284-A620-C590DDD09757}.Debug|Any CPU.Build.0 = Debug|Any CPU
		{E85A12D1-DEF7-4284-A620-C590DDD09757}.Debug|iPhone.ActiveCfg = Debug|Any CPU
		{E85A12D1-DEF7-4284-A620-C590DDD09757}.Debug|iPhone.Build.0 = Debug|Any CPU
		{E85A12D1-DEF7-4284-A620-C590DDD09757}.Debug|iPhoneSimulator.ActiveCfg = Debug|Any CPU
		{E85A12D1-DEF7-4284-A620-C590DDD09757}.Debug|iPhoneSimulator.Build.0 = Debug|Any CPU
		{E85A12D1-DEF7-4284-A620-C590DDD09757}.Debug|x64.ActiveCfg = Debug|Any CPU
		{E85A12D1-DEF7-4284-A620-C590DDD09757}.Debug|x64.Build.0 = Debug|Any CPU
		{E85A12D1-DEF7-4284-A620-C590DDD09757}.Debug|x86.ActiveCfg = Debug|Any CPU
		{E85A12D1-DEF7-4284-A620-C590DDD09757}.Debug|x86.Build.0 = Debug|Any CPU
		{E85A12D1-DEF7-4284-A620-C590DDD09757}.Release|Any CPU.ActiveCfg = Release|Any CPU
		{E85A12D1-DEF7-4284-A620-C590DDD09757}.Release|Any CPU.Build.0 = Release|Any CPU
		{E85A12D1-DEF7-4284-A620-C590DDD09757}.Release|iPhone.ActiveCfg = Release|Any CPU
		{E85A12D1-DEF7-4284-A620-C590DDD09757}.Release|iPhone.Build.0 = Release|Any CPU
		{E85A12D1-DEF7-4284-A620-C590DDD09757}.Release|iPhoneSimulator.ActiveCfg = Release|Any CPU
		{E85A12D1-DEF7-4284-A620-C590DDD09757}.Release|iPhoneSimulator.Build.0 = Release|Any CPU
		{E85A12D1-DEF7-4284-A620-C590DDD09757}.Release|x64.ActiveCfg = Release|Any CPU
		{E85A12D1-DEF7-4284-A620-C590DDD09757}.Release|x64.Build.0 = Release|Any CPU
		{E85A12D1-DEF7-4284-A620-C590DDD09757}.Release|x86.ActiveCfg = Release|Any CPU
		{E85A12D1-DEF7-4284-A620-C590DDD09757}.Release|x86.Build.0 = Release|Any CPU
		{CDEC1369-E23A-458A-A6BD-D859A2925C4D}.Ad-Hoc|Any CPU.ActiveCfg = Release|Any CPU
		{CDEC1369-E23A-458A-A6BD-D859A2925C4D}.Ad-Hoc|Any CPU.Build.0 = Release|Any CPU
		{CDEC1369-E23A-458A-A6BD-D859A2925C4D}.Ad-Hoc|iPhone.ActiveCfg = Release|Any CPU
		{CDEC1369-E23A-458A-A6BD-D859A2925C4D}.Ad-Hoc|iPhone.Build.0 = Release|Any CPU
		{CDEC1369-E23A-458A-A6BD-D859A2925C4D}.Ad-Hoc|iPhoneSimulator.ActiveCfg = Release|Any CPU
		{CDEC1369-E23A-458A-A6BD-D859A2925C4D}.Ad-Hoc|iPhoneSimulator.Build.0 = Release|Any CPU
		{CDEC1369-E23A-458A-A6BD-D859A2925C4D}.Ad-Hoc|x64.ActiveCfg = Release|Any CPU
		{CDEC1369-E23A-458A-A6BD-D859A2925C4D}.Ad-Hoc|x64.Build.0 = Release|Any CPU
		{CDEC1369-E23A-458A-A6BD-D859A2925C4D}.Ad-Hoc|x86.ActiveCfg = Release|Any CPU
		{CDEC1369-E23A-458A-A6BD-D859A2925C4D}.Ad-Hoc|x86.Build.0 = Release|Any CPU
		{CDEC1369-E23A-458A-A6BD-D859A2925C4D}.AppStore|Any CPU.ActiveCfg = Release|Any CPU
		{CDEC1369-E23A-458A-A6BD-D859A2925C4D}.AppStore|Any CPU.Build.0 = Release|Any CPU
		{CDEC1369-E23A-458A-A6BD-D859A2925C4D}.AppStore|iPhone.ActiveCfg = Release|Any CPU
		{CDEC1369-E23A-458A-A6BD-D859A2925C4D}.AppStore|iPhone.Build.0 = Release|Any CPU
		{CDEC1369-E23A-458A-A6BD-D859A2925C4D}.AppStore|iPhoneSimulator.ActiveCfg = Release|Any CPU
		{CDEC1369-E23A-458A-A6BD-D859A2925C4D}.AppStore|iPhoneSimulator.Build.0 = Release|Any CPU
		{CDEC1369-E23A-458A-A6BD-D859A2925C4D}.AppStore|x64.ActiveCfg = Release|Any CPU
		{CDEC1369-E23A-458A-A6BD-D859A2925C4D}.AppStore|x64.Build.0 = Release|Any CPU
		{CDEC1369-E23A-458A-A6BD-D859A2925C4D}.AppStore|x86.ActiveCfg = Release|Any CPU
		{CDEC1369-E23A-458A-A6BD-D859A2925C4D}.AppStore|x86.Build.0 = Release|Any CPU
		{CDEC1369-E23A-458A-A6BD-D859A2925C4D}.Debug|Any CPU.ActiveCfg = Debug|Any CPU
		{CDEC1369-E23A-458A-A6BD-D859A2925C4D}.Debug|Any CPU.Build.0 = Debug|Any CPU
		{CDEC1369-E23A-458A-A6BD-D859A2925C4D}.Debug|iPhone.ActiveCfg = Debug|Any CPU
		{CDEC1369-E23A-458A-A6BD-D859A2925C4D}.Debug|iPhone.Build.0 = Debug|Any CPU
		{CDEC1369-E23A-458A-A6BD-D859A2925C4D}.Debug|iPhoneSimulator.ActiveCfg = Debug|Any CPU
		{CDEC1369-E23A-458A-A6BD-D859A2925C4D}.Debug|iPhoneSimulator.Build.0 = Debug|Any CPU
		{CDEC1369-E23A-458A-A6BD-D859A2925C4D}.Debug|x64.ActiveCfg = Debug|Any CPU
		{CDEC1369-E23A-458A-A6BD-D859A2925C4D}.Debug|x64.Build.0 = Debug|Any CPU
		{CDEC1369-E23A-458A-A6BD-D859A2925C4D}.Debug|x86.ActiveCfg = Debug|Any CPU
		{CDEC1369-E23A-458A-A6BD-D859A2925C4D}.Debug|x86.Build.0 = Debug|Any CPU
		{CDEC1369-E23A-458A-A6BD-D859A2925C4D}.Release|Any CPU.ActiveCfg = Release|Any CPU
		{CDEC1369-E23A-458A-A6BD-D859A2925C4D}.Release|Any CPU.Build.0 = Release|Any CPU
		{CDEC1369-E23A-458A-A6BD-D859A2925C4D}.Release|iPhone.ActiveCfg = Release|Any CPU
		{CDEC1369-E23A-458A-A6BD-D859A2925C4D}.Release|iPhone.Build.0 = Release|Any CPU
		{CDEC1369-E23A-458A-A6BD-D859A2925C4D}.Release|iPhoneSimulator.ActiveCfg = Release|Any CPU
		{CDEC1369-E23A-458A-A6BD-D859A2925C4D}.Release|iPhoneSimulator.Build.0 = Release|Any CPU
		{CDEC1369-E23A-458A-A6BD-D859A2925C4D}.Release|x64.ActiveCfg = Release|Any CPU
		{CDEC1369-E23A-458A-A6BD-D859A2925C4D}.Release|x64.Build.0 = Release|Any CPU
		{CDEC1369-E23A-458A-A6BD-D859A2925C4D}.Release|x86.ActiveCfg = Release|Any CPU
		{CDEC1369-E23A-458A-A6BD-D859A2925C4D}.Release|x86.Build.0 = Release|Any CPU
		{8A7B12E5-2449-4E23-A65A-305FA1EBB2C8}.Ad-Hoc|Any CPU.ActiveCfg = Release|Any CPU
		{8A7B12E5-2449-4E23-A65A-305FA1EBB2C8}.Ad-Hoc|Any CPU.Build.0 = Release|Any CPU
		{8A7B12E5-2449-4E23-A65A-305FA1EBB2C8}.Ad-Hoc|iPhone.ActiveCfg = Release|Any CPU
		{8A7B12E5-2449-4E23-A65A-305FA1EBB2C8}.Ad-Hoc|iPhone.Build.0 = Release|Any CPU
		{8A7B12E5-2449-4E23-A65A-305FA1EBB2C8}.Ad-Hoc|iPhoneSimulator.ActiveCfg = Release|Any CPU
		{8A7B12E5-2449-4E23-A65A-305FA1EBB2C8}.Ad-Hoc|iPhoneSimulator.Build.0 = Release|Any CPU
		{8A7B12E5-2449-4E23-A65A-305FA1EBB2C8}.Ad-Hoc|x64.ActiveCfg = Release|Any CPU
		{8A7B12E5-2449-4E23-A65A-305FA1EBB2C8}.Ad-Hoc|x64.Build.0 = Release|Any CPU
		{8A7B12E5-2449-4E23-A65A-305FA1EBB2C8}.Ad-Hoc|x86.ActiveCfg = Release|Any CPU
		{8A7B12E5-2449-4E23-A65A-305FA1EBB2C8}.Ad-Hoc|x86.Build.0 = Release|Any CPU
		{8A7B12E5-2449-4E23-A65A-305FA1EBB2C8}.AppStore|Any CPU.ActiveCfg = Release|Any CPU
		{8A7B12E5-2449-4E23-A65A-305FA1EBB2C8}.AppStore|Any CPU.Build.0 = Release|Any CPU
		{8A7B12E5-2449-4E23-A65A-305FA1EBB2C8}.AppStore|iPhone.ActiveCfg = Release|Any CPU
		{8A7B12E5-2449-4E23-A65A-305FA1EBB2C8}.AppStore|iPhone.Build.0 = Release|Any CPU
		{8A7B12E5-2449-4E23-A65A-305FA1EBB2C8}.AppStore|iPhoneSimulator.ActiveCfg = Release|Any CPU
		{8A7B12E5-2449-4E23-A65A-305FA1EBB2C8}.AppStore|iPhoneSimulator.Build.0 = Release|Any CPU
		{8A7B12E5-2449-4E23-A65A-305FA1EBB2C8}.AppStore|x64.ActiveCfg = Release|Any CPU
		{8A7B12E5-2449-4E23-A65A-305FA1EBB2C8}.AppStore|x64.Build.0 = Release|Any CPU
		{8A7B12E5-2449-4E23-A65A-305FA1EBB2C8}.AppStore|x86.ActiveCfg = Release|Any CPU
		{8A7B12E5-2449-4E23-A65A-305FA1EBB2C8}.AppStore|x86.Build.0 = Release|Any CPU
		{8A7B12E5-2449-4E23-A65A-305FA1EBB2C8}.Debug|Any CPU.ActiveCfg = Debug|Any CPU
		{8A7B12E5-2449-4E23-A65A-305FA1EBB2C8}.Debug|Any CPU.Build.0 = Debug|Any CPU
		{8A7B12E5-2449-4E23-A65A-305FA1EBB2C8}.Debug|iPhone.ActiveCfg = Debug|Any CPU
		{8A7B12E5-2449-4E23-A65A-305FA1EBB2C8}.Debug|iPhone.Build.0 = Debug|Any CPU
		{8A7B12E5-2449-4E23-A65A-305FA1EBB2C8}.Debug|iPhoneSimulator.ActiveCfg = Debug|Any CPU
		{8A7B12E5-2449-4E23-A65A-305FA1EBB2C8}.Debug|iPhoneSimulator.Build.0 = Debug|Any CPU
		{8A7B12E5-2449-4E23-A65A-305FA1EBB2C8}.Debug|x64.ActiveCfg = Debug|Any CPU
		{8A7B12E5-2449-4E23-A65A-305FA1EBB2C8}.Debug|x64.Build.0 = Debug|Any CPU
		{8A7B12E5-2449-4E23-A65A-305FA1EBB2C8}.Debug|x86.ActiveCfg = Debug|Any CPU
		{8A7B12E5-2449-4E23-A65A-305FA1EBB2C8}.Debug|x86.Build.0 = Debug|Any CPU
		{8A7B12E5-2449-4E23-A65A-305FA1EBB2C8}.Release|Any CPU.ActiveCfg = Release|Any CPU
		{8A7B12E5-2449-4E23-A65A-305FA1EBB2C8}.Release|Any CPU.Build.0 = Release|Any CPU
		{8A7B12E5-2449-4E23-A65A-305FA1EBB2C8}.Release|iPhone.ActiveCfg = Release|Any CPU
		{8A7B12E5-2449-4E23-A65A-305FA1EBB2C8}.Release|iPhone.Build.0 = Release|Any CPU
		{8A7B12E5-2449-4E23-A65A-305FA1EBB2C8}.Release|iPhoneSimulator.ActiveCfg = Release|Any CPU
		{8A7B12E5-2449-4E23-A65A-305FA1EBB2C8}.Release|iPhoneSimulator.Build.0 = Release|Any CPU
		{8A7B12E5-2449-4E23-A65A-305FA1EBB2C8}.Release|x64.ActiveCfg = Release|Any CPU
		{8A7B12E5-2449-4E23-A65A-305FA1EBB2C8}.Release|x64.Build.0 = Release|Any CPU
		{8A7B12E5-2449-4E23-A65A-305FA1EBB2C8}.Release|x86.ActiveCfg = Release|Any CPU
		{8A7B12E5-2449-4E23-A65A-305FA1EBB2C8}.Release|x86.Build.0 = Release|Any CPU
		{2A2DB839-3C33-4681-A071-DD562044EA87}.Ad-Hoc|Any CPU.ActiveCfg = Release|Any CPU
		{2A2DB839-3C33-4681-A071-DD562044EA87}.Ad-Hoc|Any CPU.Build.0 = Release|Any CPU
		{2A2DB839-3C33-4681-A071-DD562044EA87}.Ad-Hoc|iPhone.ActiveCfg = Release|Any CPU
		{2A2DB839-3C33-4681-A071-DD562044EA87}.Ad-Hoc|iPhone.Build.0 = Release|Any CPU
		{2A2DB839-3C33-4681-A071-DD562044EA87}.Ad-Hoc|iPhoneSimulator.ActiveCfg = Release|Any CPU
		{2A2DB839-3C33-4681-A071-DD562044EA87}.Ad-Hoc|iPhoneSimulator.Build.0 = Release|Any CPU
		{2A2DB839-3C33-4681-A071-DD562044EA87}.Ad-Hoc|x64.ActiveCfg = Release|Any CPU
		{2A2DB839-3C33-4681-A071-DD562044EA87}.Ad-Hoc|x64.Build.0 = Release|Any CPU
		{2A2DB839-3C33-4681-A071-DD562044EA87}.Ad-Hoc|x86.ActiveCfg = Release|Any CPU
		{2A2DB839-3C33-4681-A071-DD562044EA87}.Ad-Hoc|x86.Build.0 = Release|Any CPU
		{2A2DB839-3C33-4681-A071-DD562044EA87}.AppStore|Any CPU.ActiveCfg = Release|Any CPU
		{2A2DB839-3C33-4681-A071-DD562044EA87}.AppStore|Any CPU.Build.0 = Release|Any CPU
		{2A2DB839-3C33-4681-A071-DD562044EA87}.AppStore|iPhone.ActiveCfg = Release|Any CPU
		{2A2DB839-3C33-4681-A071-DD562044EA87}.AppStore|iPhone.Build.0 = Release|Any CPU
		{2A2DB839-3C33-4681-A071-DD562044EA87}.AppStore|iPhoneSimulator.ActiveCfg = Release|Any CPU
		{2A2DB839-3C33-4681-A071-DD562044EA87}.AppStore|iPhoneSimulator.Build.0 = Release|Any CPU
		{2A2DB839-3C33-4681-A071-DD562044EA87}.AppStore|x64.ActiveCfg = Release|Any CPU
		{2A2DB839-3C33-4681-A071-DD562044EA87}.AppStore|x64.Build.0 = Release|Any CPU
		{2A2DB839-3C33-4681-A071-DD562044EA87}.AppStore|x86.ActiveCfg = Release|Any CPU
		{2A2DB839-3C33-4681-A071-DD562044EA87}.AppStore|x86.Build.0 = Release|Any CPU
		{2A2DB839-3C33-4681-A071-DD562044EA87}.Debug|Any CPU.ActiveCfg = Debug|Any CPU
		{2A2DB839-3C33-4681-A071-DD562044EA87}.Debug|Any CPU.Build.0 = Debug|Any CPU
		{2A2DB839-3C33-4681-A071-DD562044EA87}.Debug|iPhone.ActiveCfg = Debug|Any CPU
		{2A2DB839-3C33-4681-A071-DD562044EA87}.Debug|iPhone.Build.0 = Debug|Any CPU
		{2A2DB839-3C33-4681-A071-DD562044EA87}.Debug|iPhoneSimulator.ActiveCfg = Debug|Any CPU
		{2A2DB839-3C33-4681-A071-DD562044EA87}.Debug|iPhoneSimulator.Build.0 = Debug|Any CPU
		{2A2DB839-3C33-4681-A071-DD562044EA87}.Debug|x64.ActiveCfg = Debug|Any CPU
		{2A2DB839-3C33-4681-A071-DD562044EA87}.Debug|x64.Build.0 = Debug|Any CPU
		{2A2DB839-3C33-4681-A071-DD562044EA87}.Debug|x86.ActiveCfg = Debug|Any CPU
		{2A2DB839-3C33-4681-A071-DD562044EA87}.Debug|x86.Build.0 = Debug|Any CPU
		{2A2DB839-3C33-4681-A071-DD562044EA87}.Release|Any CPU.ActiveCfg = Release|Any CPU
		{2A2DB839-3C33-4681-A071-DD562044EA87}.Release|Any CPU.Build.0 = Release|Any CPU
		{2A2DB839-3C33-4681-A071-DD562044EA87}.Release|iPhone.ActiveCfg = Release|Any CPU
		{2A2DB839-3C33-4681-A071-DD562044EA87}.Release|iPhone.Build.0 = Release|Any CPU
		{2A2DB839-3C33-4681-A071-DD562044EA87}.Release|iPhoneSimulator.ActiveCfg = Release|Any CPU
		{2A2DB839-3C33-4681-A071-DD562044EA87}.Release|iPhoneSimulator.Build.0 = Release|Any CPU
		{2A2DB839-3C33-4681-A071-DD562044EA87}.Release|x64.ActiveCfg = Release|Any CPU
		{2A2DB839-3C33-4681-A071-DD562044EA87}.Release|x64.Build.0 = Release|Any CPU
		{2A2DB839-3C33-4681-A071-DD562044EA87}.Release|x86.ActiveCfg = Release|Any CPU
		{2A2DB839-3C33-4681-A071-DD562044EA87}.Release|x86.Build.0 = Release|Any CPU
		{A43A2BA5-7C6E-4DED-AABE-E9D7A5A86E42}.Ad-Hoc|Any CPU.ActiveCfg = Release|Any CPU
		{A43A2BA5-7C6E-4DED-AABE-E9D7A5A86E42}.Ad-Hoc|Any CPU.Build.0 = Release|Any CPU
		{A43A2BA5-7C6E-4DED-AABE-E9D7A5A86E42}.Ad-Hoc|iPhone.ActiveCfg = Release|Any CPU
		{A43A2BA5-7C6E-4DED-AABE-E9D7A5A86E42}.Ad-Hoc|iPhone.Build.0 = Release|Any CPU
		{A43A2BA5-7C6E-4DED-AABE-E9D7A5A86E42}.Ad-Hoc|iPhoneSimulator.ActiveCfg = Release|Any CPU
		{A43A2BA5-7C6E-4DED-AABE-E9D7A5A86E42}.Ad-Hoc|iPhoneSimulator.Build.0 = Release|Any CPU
		{A43A2BA5-7C6E-4DED-AABE-E9D7A5A86E42}.Ad-Hoc|x64.ActiveCfg = Release|Any CPU
		{A43A2BA5-7C6E-4DED-AABE-E9D7A5A86E42}.Ad-Hoc|x64.Build.0 = Release|Any CPU
		{A43A2BA5-7C6E-4DED-AABE-E9D7A5A86E42}.Ad-Hoc|x86.ActiveCfg = Release|Any CPU
		{A43A2BA5-7C6E-4DED-AABE-E9D7A5A86E42}.Ad-Hoc|x86.Build.0 = Release|Any CPU
		{A43A2BA5-7C6E-4DED-AABE-E9D7A5A86E42}.AppStore|Any CPU.ActiveCfg = Release|Any CPU
		{A43A2BA5-7C6E-4DED-AABE-E9D7A5A86E42}.AppStore|Any CPU.Build.0 = Release|Any CPU
		{A43A2BA5-7C6E-4DED-AABE-E9D7A5A86E42}.AppStore|iPhone.ActiveCfg = Release|Any CPU
		{A43A2BA5-7C6E-4DED-AABE-E9D7A5A86E42}.AppStore|iPhone.Build.0 = Release|Any CPU
		{A43A2BA5-7C6E-4DED-AABE-E9D7A5A86E42}.AppStore|iPhoneSimulator.ActiveCfg = Release|Any CPU
		{A43A2BA5-7C6E-4DED-AABE-E9D7A5A86E42}.AppStore|iPhoneSimulator.Build.0 = Release|Any CPU
		{A43A2BA5-7C6E-4DED-AABE-E9D7A5A86E42}.AppStore|x64.ActiveCfg = Release|Any CPU
		{A43A2BA5-7C6E-4DED-AABE-E9D7A5A86E42}.AppStore|x64.Build.0 = Release|Any CPU
		{A43A2BA5-7C6E-4DED-AABE-E9D7A5A86E42}.AppStore|x86.ActiveCfg = Release|Any CPU
		{A43A2BA5-7C6E-4DED-AABE-E9D7A5A86E42}.AppStore|x86.Build.0 = Release|Any CPU
		{A43A2BA5-7C6E-4DED-AABE-E9D7A5A86E42}.Debug|Any CPU.ActiveCfg = Debug|Any CPU
		{A43A2BA5-7C6E-4DED-AABE-E9D7A5A86E42}.Debug|Any CPU.Build.0 = Debug|Any CPU
		{A43A2BA5-7C6E-4DED-AABE-E9D7A5A86E42}.Debug|iPhone.ActiveCfg = Debug|Any CPU
		{A43A2BA5-7C6E-4DED-AABE-E9D7A5A86E42}.Debug|iPhone.Build.0 = Debug|Any CPU
		{A43A2BA5-7C6E-4DED-AABE-E9D7A5A86E42}.Debug|iPhoneSimulator.ActiveCfg = Debug|Any CPU
		{A43A2BA5-7C6E-4DED-AABE-E9D7A5A86E42}.Debug|iPhoneSimulator.Build.0 = Debug|Any CPU
		{A43A2BA5-7C6E-4DED-AABE-E9D7A5A86E42}.Debug|x64.ActiveCfg = Debug|Any CPU
		{A43A2BA5-7C6E-4DED-AABE-E9D7A5A86E42}.Debug|x64.Build.0 = Debug|Any CPU
		{A43A2BA5-7C6E-4DED-AABE-E9D7A5A86E42}.Debug|x86.ActiveCfg = Debug|Any CPU
		{A43A2BA5-7C6E-4DED-AABE-E9D7A5A86E42}.Debug|x86.Build.0 = Debug|Any CPU
		{A43A2BA5-7C6E-4DED-AABE-E9D7A5A86E42}.Release|Any CPU.ActiveCfg = Release|Any CPU
		{A43A2BA5-7C6E-4DED-AABE-E9D7A5A86E42}.Release|Any CPU.Build.0 = Release|Any CPU
		{A43A2BA5-7C6E-4DED-AABE-E9D7A5A86E42}.Release|iPhone.ActiveCfg = Release|Any CPU
		{A43A2BA5-7C6E-4DED-AABE-E9D7A5A86E42}.Release|iPhone.Build.0 = Release|Any CPU
		{A43A2BA5-7C6E-4DED-AABE-E9D7A5A86E42}.Release|iPhoneSimulator.ActiveCfg = Release|Any CPU
		{A43A2BA5-7C6E-4DED-AABE-E9D7A5A86E42}.Release|iPhoneSimulator.Build.0 = Release|Any CPU
		{A43A2BA5-7C6E-4DED-AABE-E9D7A5A86E42}.Release|x64.ActiveCfg = Release|Any CPU
		{A43A2BA5-7C6E-4DED-AABE-E9D7A5A86E42}.Release|x64.Build.0 = Release|Any CPU
		{A43A2BA5-7C6E-4DED-AABE-E9D7A5A86E42}.Release|x86.ActiveCfg = Release|Any CPU
		{A43A2BA5-7C6E-4DED-AABE-E9D7A5A86E42}.Release|x86.Build.0 = Release|Any CPU
		{CDBFCFA5-8EEE-49B1-AE43-56435238C42E}.Ad-Hoc|Any CPU.ActiveCfg = Release|Any CPU
		{CDBFCFA5-8EEE-49B1-AE43-56435238C42E}.Ad-Hoc|Any CPU.Build.0 = Release|Any CPU
		{CDBFCFA5-8EEE-49B1-AE43-56435238C42E}.Ad-Hoc|Any CPU.Deploy.0 = Release|Any CPU
		{CDBFCFA5-8EEE-49B1-AE43-56435238C42E}.Ad-Hoc|iPhone.ActiveCfg = Release|Any CPU
		{CDBFCFA5-8EEE-49B1-AE43-56435238C42E}.Ad-Hoc|iPhone.Build.0 = Release|Any CPU
		{CDBFCFA5-8EEE-49B1-AE43-56435238C42E}.Ad-Hoc|iPhone.Deploy.0 = Release|Any CPU
		{CDBFCFA5-8EEE-49B1-AE43-56435238C42E}.Ad-Hoc|iPhoneSimulator.ActiveCfg = Release|Any CPU
		{CDBFCFA5-8EEE-49B1-AE43-56435238C42E}.Ad-Hoc|iPhoneSimulator.Build.0 = Release|Any CPU
		{CDBFCFA5-8EEE-49B1-AE43-56435238C42E}.Ad-Hoc|iPhoneSimulator.Deploy.0 = Release|Any CPU
		{CDBFCFA5-8EEE-49B1-AE43-56435238C42E}.Ad-Hoc|x64.ActiveCfg = Release|Any CPU
		{CDBFCFA5-8EEE-49B1-AE43-56435238C42E}.Ad-Hoc|x64.Build.0 = Release|Any CPU
		{CDBFCFA5-8EEE-49B1-AE43-56435238C42E}.Ad-Hoc|x64.Deploy.0 = Release|Any CPU
		{CDBFCFA5-8EEE-49B1-AE43-56435238C42E}.Ad-Hoc|x86.ActiveCfg = Release|Any CPU
		{CDBFCFA5-8EEE-49B1-AE43-56435238C42E}.Ad-Hoc|x86.Build.0 = Release|Any CPU
		{CDBFCFA5-8EEE-49B1-AE43-56435238C42E}.Ad-Hoc|x86.Deploy.0 = Release|Any CPU
		{CDBFCFA5-8EEE-49B1-AE43-56435238C42E}.AppStore|Any CPU.ActiveCfg = Release|Any CPU
		{CDBFCFA5-8EEE-49B1-AE43-56435238C42E}.AppStore|Any CPU.Build.0 = Release|Any CPU
		{CDBFCFA5-8EEE-49B1-AE43-56435238C42E}.AppStore|Any CPU.Deploy.0 = Release|Any CPU
		{CDBFCFA5-8EEE-49B1-AE43-56435238C42E}.AppStore|iPhone.ActiveCfg = Release|Any CPU
		{CDBFCFA5-8EEE-49B1-AE43-56435238C42E}.AppStore|iPhone.Build.0 = Release|Any CPU
		{CDBFCFA5-8EEE-49B1-AE43-56435238C42E}.AppStore|iPhone.Deploy.0 = Release|Any CPU
		{CDBFCFA5-8EEE-49B1-AE43-56435238C42E}.AppStore|iPhoneSimulator.ActiveCfg = Release|Any CPU
		{CDBFCFA5-8EEE-49B1-AE43-56435238C42E}.AppStore|iPhoneSimulator.Build.0 = Release|Any CPU
		{CDBFCFA5-8EEE-49B1-AE43-56435238C42E}.AppStore|iPhoneSimulator.Deploy.0 = Release|Any CPU
		{CDBFCFA5-8EEE-49B1-AE43-56435238C42E}.AppStore|x64.ActiveCfg = Release|Any CPU
		{CDBFCFA5-8EEE-49B1-AE43-56435238C42E}.AppStore|x64.Build.0 = Release|Any CPU
		{CDBFCFA5-8EEE-49B1-AE43-56435238C42E}.AppStore|x64.Deploy.0 = Release|Any CPU
		{CDBFCFA5-8EEE-49B1-AE43-56435238C42E}.AppStore|x86.ActiveCfg = Release|Any CPU
		{CDBFCFA5-8EEE-49B1-AE43-56435238C42E}.AppStore|x86.Build.0 = Release|Any CPU
		{CDBFCFA5-8EEE-49B1-AE43-56435238C42E}.AppStore|x86.Deploy.0 = Release|Any CPU
		{CDBFCFA5-8EEE-49B1-AE43-56435238C42E}.Debug|Any CPU.ActiveCfg = Debug|Any CPU
		{CDBFCFA5-8EEE-49B1-AE43-56435238C42E}.Debug|Any CPU.Build.0 = Debug|Any CPU
		{CDBFCFA5-8EEE-49B1-AE43-56435238C42E}.Debug|Any CPU.Deploy.0 = Debug|Any CPU
		{CDBFCFA5-8EEE-49B1-AE43-56435238C42E}.Debug|iPhone.ActiveCfg = Debug|Any CPU
		{CDBFCFA5-8EEE-49B1-AE43-56435238C42E}.Debug|iPhone.Build.0 = Debug|Any CPU
		{CDBFCFA5-8EEE-49B1-AE43-56435238C42E}.Debug|iPhone.Deploy.0 = Debug|Any CPU
		{CDBFCFA5-8EEE-49B1-AE43-56435238C42E}.Debug|iPhoneSimulator.ActiveCfg = Debug|Any CPU
		{CDBFCFA5-8EEE-49B1-AE43-56435238C42E}.Debug|iPhoneSimulator.Build.0 = Debug|Any CPU
		{CDBFCFA5-8EEE-49B1-AE43-56435238C42E}.Debug|iPhoneSimulator.Deploy.0 = Debug|Any CPU
		{CDBFCFA5-8EEE-49B1-AE43-56435238C42E}.Debug|x64.ActiveCfg = Debug|Any CPU
		{CDBFCFA5-8EEE-49B1-AE43-56435238C42E}.Debug|x64.Build.0 = Debug|Any CPU
		{CDBFCFA5-8EEE-49B1-AE43-56435238C42E}.Debug|x64.Deploy.0 = Debug|Any CPU
		{CDBFCFA5-8EEE-49B1-AE43-56435238C42E}.Debug|x86.ActiveCfg = Debug|Any CPU
		{CDBFCFA5-8EEE-49B1-AE43-56435238C42E}.Debug|x86.Build.0 = Debug|Any CPU
		{CDBFCFA5-8EEE-49B1-AE43-56435238C42E}.Debug|x86.Deploy.0 = Debug|Any CPU
		{CDBFCFA5-8EEE-49B1-AE43-56435238C42E}.Release|Any CPU.ActiveCfg = Release|Any CPU
		{CDBFCFA5-8EEE-49B1-AE43-56435238C42E}.Release|Any CPU.Build.0 = Release|Any CPU
		{CDBFCFA5-8EEE-49B1-AE43-56435238C42E}.Release|Any CPU.Deploy.0 = Release|Any CPU
		{CDBFCFA5-8EEE-49B1-AE43-56435238C42E}.Release|iPhone.ActiveCfg = Release|Any CPU
		{CDBFCFA5-8EEE-49B1-AE43-56435238C42E}.Release|iPhone.Build.0 = Release|Any CPU
		{CDBFCFA5-8EEE-49B1-AE43-56435238C42E}.Release|iPhone.Deploy.0 = Release|Any CPU
		{CDBFCFA5-8EEE-49B1-AE43-56435238C42E}.Release|iPhoneSimulator.ActiveCfg = Release|Any CPU
		{CDBFCFA5-8EEE-49B1-AE43-56435238C42E}.Release|iPhoneSimulator.Build.0 = Release|Any CPU
		{CDBFCFA5-8EEE-49B1-AE43-56435238C42E}.Release|iPhoneSimulator.Deploy.0 = Release|Any CPU
		{CDBFCFA5-8EEE-49B1-AE43-56435238C42E}.Release|x64.ActiveCfg = Release|Any CPU
		{CDBFCFA5-8EEE-49B1-AE43-56435238C42E}.Release|x64.Build.0 = Release|Any CPU
		{CDBFCFA5-8EEE-49B1-AE43-56435238C42E}.Release|x64.Deploy.0 = Release|Any CPU
		{CDBFCFA5-8EEE-49B1-AE43-56435238C42E}.Release|x86.ActiveCfg = Release|Any CPU
		{CDBFCFA5-8EEE-49B1-AE43-56435238C42E}.Release|x86.Build.0 = Release|Any CPU
		{CDBFCFA5-8EEE-49B1-AE43-56435238C42E}.Release|x86.Deploy.0 = Release|Any CPU
		{3BCF2B5D-3366-41C9-A1BE-FD256B5E2949}.Ad-Hoc|Any CPU.ActiveCfg = Ad-Hoc|iPhone
		{3BCF2B5D-3366-41C9-A1BE-FD256B5E2949}.Ad-Hoc|iPhone.ActiveCfg = Ad-Hoc|iPhone
		{3BCF2B5D-3366-41C9-A1BE-FD256B5E2949}.Ad-Hoc|iPhone.Build.0 = Ad-Hoc|iPhone
		{3BCF2B5D-3366-41C9-A1BE-FD256B5E2949}.Ad-Hoc|iPhoneSimulator.ActiveCfg = Ad-Hoc|iPhoneSimulator
		{3BCF2B5D-3366-41C9-A1BE-FD256B5E2949}.Ad-Hoc|iPhoneSimulator.Build.0 = Ad-Hoc|iPhoneSimulator
		{3BCF2B5D-3366-41C9-A1BE-FD256B5E2949}.Ad-Hoc|x64.ActiveCfg = Ad-Hoc|iPhone
		{3BCF2B5D-3366-41C9-A1BE-FD256B5E2949}.Ad-Hoc|x86.ActiveCfg = Ad-Hoc|iPhone
		{3BCF2B5D-3366-41C9-A1BE-FD256B5E2949}.AppStore|Any CPU.ActiveCfg = AppStore|iPhone
		{3BCF2B5D-3366-41C9-A1BE-FD256B5E2949}.AppStore|iPhone.ActiveCfg = AppStore|iPhone
		{3BCF2B5D-3366-41C9-A1BE-FD256B5E2949}.AppStore|iPhone.Build.0 = AppStore|iPhone
		{3BCF2B5D-3366-41C9-A1BE-FD256B5E2949}.AppStore|iPhoneSimulator.ActiveCfg = AppStore|iPhoneSimulator
		{3BCF2B5D-3366-41C9-A1BE-FD256B5E2949}.AppStore|iPhoneSimulator.Build.0 = AppStore|iPhoneSimulator
		{3BCF2B5D-3366-41C9-A1BE-FD256B5E2949}.AppStore|x64.ActiveCfg = AppStore|iPhone
		{3BCF2B5D-3366-41C9-A1BE-FD256B5E2949}.AppStore|x86.ActiveCfg = AppStore|iPhone
		{3BCF2B5D-3366-41C9-A1BE-FD256B5E2949}.Debug|Any CPU.ActiveCfg = Debug|iPhone
		{3BCF2B5D-3366-41C9-A1BE-FD256B5E2949}.Debug|iPhone.ActiveCfg = Debug|iPhone
		{3BCF2B5D-3366-41C9-A1BE-FD256B5E2949}.Debug|iPhone.Build.0 = Debug|iPhone
		{3BCF2B5D-3366-41C9-A1BE-FD256B5E2949}.Debug|iPhoneSimulator.ActiveCfg = Debug|iPhoneSimulator
		{3BCF2B5D-3366-41C9-A1BE-FD256B5E2949}.Debug|iPhoneSimulator.Build.0 = Debug|iPhoneSimulator
		{3BCF2B5D-3366-41C9-A1BE-FD256B5E2949}.Debug|x64.ActiveCfg = Debug|iPhone
		{3BCF2B5D-3366-41C9-A1BE-FD256B5E2949}.Debug|x86.ActiveCfg = Debug|iPhone
		{3BCF2B5D-3366-41C9-A1BE-FD256B5E2949}.Release|Any CPU.ActiveCfg = Release|iPhone
		{3BCF2B5D-3366-41C9-A1BE-FD256B5E2949}.Release|iPhone.ActiveCfg = Release|iPhone
		{3BCF2B5D-3366-41C9-A1BE-FD256B5E2949}.Release|iPhone.Build.0 = Release|iPhone
		{3BCF2B5D-3366-41C9-A1BE-FD256B5E2949}.Release|iPhoneSimulator.ActiveCfg = Release|iPhoneSimulator
		{3BCF2B5D-3366-41C9-A1BE-FD256B5E2949}.Release|iPhoneSimulator.Build.0 = Release|iPhoneSimulator
		{3BCF2B5D-3366-41C9-A1BE-FD256B5E2949}.Release|x64.ActiveCfg = Release|iPhone
		{3BCF2B5D-3366-41C9-A1BE-FD256B5E2949}.Release|x86.ActiveCfg = Release|iPhone
	EndGlobalSection
	GlobalSection(SolutionProperties) = preSolution
		HideSolutionNode = FALSE
	EndGlobalSection
	GlobalSection(NestedProjects) = preSolution
		{3C9989D1-6ED9-4B26-859A-2ED29B794DBB} = {F94AA586-E24E-4316-9564-D22DC0643C64}
		{DF4B5604-1F12-4F4A-AA9C-28F81DE5B069} = {0C4A1F2A-F174-496E-B9A4-8A90B763D150}
		{BBDE25B8-86D3-45EE-98D5-DA4822EE189C} = {DF4B5604-1F12-4F4A-AA9C-28F81DE5B069}
		{1D49310B-0AC2-4D71-9484-4A9D92F22849} = {0C4A1F2A-F174-496E-B9A4-8A90B763D150}
		{E85A12D1-DEF7-4284-A620-C590DDD09757} = {DF4B5604-1F12-4F4A-AA9C-28F81DE5B069}
		{CDEC1369-E23A-458A-A6BD-D859A2925C4D} = {DF4B5604-1F12-4F4A-AA9C-28F81DE5B069}
		{4DBD1113-C68B-4AA4-99D1-69C0DBD14CE0} = {0C4A1F2A-F174-496E-B9A4-8A90B763D150}
		{8A7B12E5-2449-4E23-A65A-305FA1EBB2C8} = {4DBD1113-C68B-4AA4-99D1-69C0DBD14CE0}
		{2A2DB839-3C33-4681-A071-DD562044EA87} = {4DBD1113-C68B-4AA4-99D1-69C0DBD14CE0}
		{CC5491D2-E77C-4504-BC17-337DDD5867FA} = {0C4A1F2A-F174-496E-B9A4-8A90B763D150}
		{A43A2BA5-7C6E-4DED-AABE-E9D7A5A86E42} = {CC5491D2-E77C-4504-BC17-337DDD5867FA}
		{CDBFCFA5-8EEE-49B1-AE43-56435238C42E} = {CC5491D2-E77C-4504-BC17-337DDD5867FA}
		{3BCF2B5D-3366-41C9-A1BE-FD256B5E2949} = {CC5491D2-E77C-4504-BC17-337DDD5867FA}
	EndGlobalSection
EndGlobal
