
Microsoft Visual Studio Solution File, Format Version 12.00
# Visual Studio 14
VisualStudioVersion = 14.0.25420.1
MinimumVisualStudioVersion = 10.0.40219.1
Project("{2150E333-8FDC-42A3-9474-1A3956D46DE8}") = "src", "src", "{0C4A1F2A-F174-496E-B9A4-8A90B763D150}"
EndProject
Project("{2150E333-8FDC-42A3-9474-1A3956D46DE8}") = "Solution Items", "Solution Items", "{49DFC595-40CB-4C12-954A-49F09BA75243}"
	ProjectSection(SolutionItems) = preProject
		global.json = global.json
		NuGet.Config = NuGet.Config
	EndProjectSection
EndProject
Project("{8BB2217D-0F2D-49D1-97BC-3654ED321F3B}") = "YoApp.Backend", "src\YoApp.Backend\YoApp.Backend.xproj", "{005C8836-0197-4A0A-B5B7-A6916FA4826D}"
EndProject
Project("{8BB2217D-0F2D-49D1-97BC-3654ED321F3B}") = "YoApp.Tests", "tests\YoApp.Tests\YoApp.Tests.xproj", "{1A2A81C6-7380-4580-8B39-D1F852742F63}"
EndProject
Project("{2150E333-8FDC-42A3-9474-1A3956D46DE8}") = "tests", "tests", "{F94AA586-E24E-4316-9564-D22DC0643C64}"
EndProject
Project("{8BB2217D-0F2D-49D1-97BC-3654ED321F3B}") = "YoApp.DataObjects", "src\YoApp.DataObjects\YoApp.DataObjects.xproj", "{59A91995-0BA6-41B5-A28F-045FE4282418}"
EndProject
Project("{8BB2217D-0F2D-49D1-97BC-3654ED321F3B}") = "YoApp.Authoring", "src\YoApp.Authoring\YoApp.Authoring.xproj", "{3F7A7C18-C4DA-4356-A6CE-ED9F4EF62DA4}"
EndProject
Global
	GlobalSection(SolutionConfigurationPlatforms) = preSolution
		Debug|Any CPU = Debug|Any CPU
		Release|Any CPU = Release|Any CPU
	EndGlobalSection
	GlobalSection(ProjectConfigurationPlatforms) = postSolution
		{005C8836-0197-4A0A-B5B7-A6916FA4826D}.Debug|Any CPU.ActiveCfg = Debug|Any CPU
		{005C8836-0197-4A0A-B5B7-A6916FA4826D}.Debug|Any CPU.Build.0 = Debug|Any CPU
		{005C8836-0197-4A0A-B5B7-A6916FA4826D}.Release|Any CPU.ActiveCfg = Release|Any CPU
		{005C8836-0197-4A0A-B5B7-A6916FA4826D}.Release|Any CPU.Build.0 = Release|Any CPU
		{1A2A81C6-7380-4580-8B39-D1F852742F63}.Debug|Any CPU.ActiveCfg = Debug|Any CPU
		{1A2A81C6-7380-4580-8B39-D1F852742F63}.Debug|Any CPU.Build.0 = Debug|Any CPU
		{1A2A81C6-7380-4580-8B39-D1F852742F63}.Release|Any CPU.ActiveCfg = Release|Any CPU
		{1A2A81C6-7380-4580-8B39-D1F852742F63}.Release|Any CPU.Build.0 = Release|Any CPU
		{59A91995-0BA6-41B5-A28F-045FE4282418}.Debug|Any CPU.ActiveCfg = Debug|Any CPU
		{59A91995-0BA6-41B5-A28F-045FE4282418}.Debug|Any CPU.Build.0 = Debug|Any CPU
		{59A91995-0BA6-41B5-A28F-045FE4282418}.Release|Any CPU.ActiveCfg = Release|Any CPU
		{59A91995-0BA6-41B5-A28F-045FE4282418}.Release|Any CPU.Build.0 = Release|Any CPU
		{3F7A7C18-C4DA-4356-A6CE-ED9F4EF62DA4}.Debug|Any CPU.ActiveCfg = Debug|Any CPU
		{3F7A7C18-C4DA-4356-A6CE-ED9F4EF62DA4}.Debug|Any CPU.Build.0 = Debug|Any CPU
		{3F7A7C18-C4DA-4356-A6CE-ED9F4EF62DA4}.Release|Any CPU.ActiveCfg = Release|Any CPU
		{3F7A7C18-C4DA-4356-A6CE-ED9F4EF62DA4}.Release|Any CPU.Build.0 = Release|Any CPU
	EndGlobalSection
	GlobalSection(SolutionProperties) = preSolution
		HideSolutionNode = FALSE
	EndGlobalSection
	GlobalSection(NestedProjects) = preSolution
		{005C8836-0197-4A0A-B5B7-A6916FA4826D} = {0C4A1F2A-F174-496E-B9A4-8A90B763D150}
		{1A2A81C6-7380-4580-8B39-D1F852742F63} = {F94AA586-E24E-4316-9564-D22DC0643C64}
		{59A91995-0BA6-41B5-A28F-045FE4282418} = {0C4A1F2A-F174-496E-B9A4-8A90B763D150}
		{3F7A7C18-C4DA-4356-A6CE-ED9F4EF62DA4} = {0C4A1F2A-F174-496E-B9A4-8A90B763D150}
	EndGlobalSection
EndGlobal
